// !$*UTF8*$!
{
	archiveVersion = 1;
	classes = {
	};
	objectVersion = 50;
	objects = {

/* Begin PBXBuildFile section */
		643D772B264CDF7F00044E02 /* AppDelegate.swift in Sources */ = {isa = PBXBuildFile; fileRef = 643D772A264CDF7F00044E02 /* AppDelegate.swift */; };
		643D772D264CDF7F00044E02 /* SceneDelegate.swift in Sources */ = {isa = PBXBuildFile; fileRef = 643D772C264CDF7F00044E02 /* SceneDelegate.swift */; };
		643D772F264CDF7F00044E02 /* ViewController.swift in Sources */ = {isa = PBXBuildFile; fileRef = 643D772E264CDF7F00044E02 /* ViewController.swift */; };
		643D7732264CDF7F00044E02 /* Main.storyboard in Resources */ = {isa = PBXBuildFile; fileRef = 643D7730264CDF7F00044E02 /* Main.storyboard */; };
		643D7734264CDF8500044E02 /* Assets.xcassets in Resources */ = {isa = PBXBuildFile; fileRef = 643D7733264CDF8500044E02 /* Assets.xcassets */; };
		643D7737264CDF8500044E02 /* LaunchScreen.storyboard in Resources */ = {isa = PBXBuildFile; fileRef = 643D7735264CDF8500044E02 /* LaunchScreen.storyboard */; };
		643D7742264CDF8500044E02 /* TeckMonTests.swift in Sources */ = {isa = PBXBuildFile; fileRef = 643D7741264CDF8500044E02 /* TeckMonTests.swift */; };
		643D774D264CDF8600044E02 /* TeckMonUITests.swift in Sources */ = {isa = PBXBuildFile; fileRef = 643D774C264CDF8600044E02 /* TeckMonUITests.swift */; };
/* End PBXBuildFile section */

/* Begin PBXContainerItemProxy section */
		643D773E264CDF8500044E02 /* PBXContainerItemProxy */ = {
			isa = PBXContainerItemProxy;
			containerPortal = 643D771F264CDF7F00044E02 /* Project object */;
			proxyType = 1;
			remoteGlobalIDString = 643D7726264CDF7F00044E02;
			remoteInfo = TeckMon;
		};
		643D7749264CDF8600044E02 /* PBXContainerItemProxy */ = {
			isa = PBXContainerItemProxy;
			containerPortal = 643D771F264CDF7F00044E02 /* Project object */;
			proxyType = 1;
			remoteGlobalIDString = 643D7726264CDF7F00044E02;
			remoteInfo = TeckMon;
		};
/* End PBXContainerItemProxy section */

/* Begin PBXFileReference section */
		643D7727264CDF7F00044E02 /* TeckMon.app */ = {isa = PBXFileReference; explicitFileType = wrapper.application; includeInIndex = 0; path = TeckMon.app; sourceTree = BUILT_PRODUCTS_DIR; };
		643D772A264CDF7F00044E02 /* AppDelegate.swift */ = {isa = PBXFileReference; lastKnownFileType = sourcecode.swift; path = AppDelegate.swift; sourceTree = "<group>"; };
		643D772C264CDF7F00044E02 /* SceneDelegate.swift */ = {isa = PBXFileReference; lastKnownFileType = sourcecode.swift; path = SceneDelegate.swift; sourceTree = "<group>"; };
		643D772E264CDF7F00044E02 /* ViewController.swift */ = {isa = PBXFileReference; lastKnownFileType = sourcecode.swift; path = ViewController.swift; sourceTree = "<group>"; };
		643D7731264CDF7F00044E02 /* Base */ = {isa = PBXFileReference; lastKnownFileType = file.storyboard; name = Base; path = Base.lproj/Main.storyboard; sourceTree = "<group>"; };
		643D7733264CDF8500044E02 /* Assets.xcassets */ = {isa = PBXFileReference; lastKnownFileType = folder.assetcatalog; path = Assets.xcassets; sourceTree = "<group>"; };
		643D7736264CDF8500044E02 /* Base */ = {isa = PBXFileReference; lastKnownFileType = file.storyboard; name = Base; path = Base.lproj/LaunchScreen.storyboard; sourceTree = "<group>"; };
		643D7738264CDF8500044E02 /* Info.plist */ = {isa = PBXFileReference; lastKnownFileType = text.plist.xml; path = Info.plist; sourceTree = "<group>"; };
		643D773D264CDF8500044E02 /* TeckMonTests.xctest */ = {isa = PBXFileReference; explicitFileType = wrapper.cfbundle; includeInIndex = 0; path = TeckMonTests.xctest; sourceTree = BUILT_PRODUCTS_DIR; };
		643D7741264CDF8500044E02 /* TeckMonTests.swift */ = {isa = PBXFileReference; lastKnownFileType = sourcecode.swift; path = TeckMonTests.swift; sourceTree = "<group>"; };
		643D7743264CDF8500044E02 /* Info.plist */ = {isa = PBXFileReference; lastKnownFileType = text.plist.xml; path = Info.plist; sourceTree = "<group>"; };
		643D7748264CDF8600044E02 /* TeckMonUITests.xctest */ = {isa = PBXFileReference; explicitFileType = wrapper.cfbundle; includeInIndex = 0; path = TeckMonUITests.xctest; sourceTree = BUILT_PRODUCTS_DIR; };
		643D774C264CDF8600044E02 /* TeckMonUITests.swift */ = {isa = PBXFileReference; lastKnownFileType = sourcecode.swift; path = TeckMonUITests.swift; sourceTree = "<group>"; };
		643D774E264CDF8600044E02 /* Info.plist */ = {isa = PBXFileReference; lastKnownFileType = text.plist.xml; path = Info.plist; sourceTree = "<group>"; };
/* End PBXFileReference section */

/* Begin PBXFrameworksBuildPhase section */
		643D7724264CDF7F00044E02 /* Frameworks */ = {
			isa = PBXFrameworksBuildPhase;
			buildActionMask = 2147483647;
			files = (
			);
			runOnlyForDeploymentPostprocessing = 0;
		};
		643D773A264CDF8500044E02 /* Frameworks */ = {
			isa = PBXFrameworksBuildPhase;
			buildActionMask = 2147483647;
			files = (
			);
			runOnlyForDeploymentPostprocessing = 0;
		};
		643D7745264CDF8600044E02 /* Frameworks */ = {
			isa = PBXFrameworksBuildPhase;
			buildActionMask = 2147483647;
			files = (
			);
			runOnlyForDeploymentPostprocessing = 0;
		};
/* End PBXFrameworksBuildPhase section */

/* Begin PBXGroup section */
		643D771E264CDF7F00044E02 = {
			isa = PBXGroup;
			children = (
				643D7729264CDF7F00044E02 /* TeckMon */,
				643D7740264CDF8500044E02 /* TeckMonTests */,
				643D774B264CDF8600044E02 /* TeckMonUITests */,
				643D7728264CDF7F00044E02 /* Products */,
			);
			sourceTree = "<group>";
		};
		643D7728264CDF7F00044E02 /* Products */ = {
			isa = PBXGroup;
			children = (
				643D7727264CDF7F00044E02 /* TeckMon.app */,
				643D773D264CDF8500044E02 /* TeckMonTests.xctest */,
				643D7748264CDF8600044E02 /* TeckMonUITests.xctest */,
			);
			name = Products;
			sourceTree = "<group>";
		};
		643D7729264CDF7F00044E02 /* TeckMon */ = {
			isa = PBXGroup;
			children = (
				643D772A264CDF7F00044E02 /* AppDelegate.swift */,
				643D772C264CDF7F00044E02 /* SceneDelegate.swift */,
				643D772E264CDF7F00044E02 /* ViewController.swift */,
				643D7730264CDF7F00044E02 /* Main.storyboard */,
				643D7733264CDF8500044E02 /* Assets.xcassets */,
				643D7735264CDF8500044E02 /* LaunchScreen.storyboard */,
				643D7738264CDF8500044E02 /* Info.plist */,
			);
			path = TeckMon;
			sourceTree = "<group>";
		};
		643D7740264CDF8500044E02 /* TeckMonTests */ = {
			isa = PBXGroup;
			children = (
				643D7741264CDF8500044E02 /* TeckMonTests.swift */,
				643D7743264CDF8500044E02 /* Info.plist */,
			);
			path = TeckMonTests;
			sourceTree = "<group>";
		};
		643D774B264CDF8600044E02 /* TeckMonUITests */ = {
			isa = PBXGroup;
			children = (
				643D774C264CDF8600044E02 /* TeckMonUITests.swift */,
				643D774E264CDF8600044E02 /* Info.plist */,
			);
			path = TeckMonUITests;
			sourceTree = "<group>";
		};
/* End PBXGroup section */

/* Begin PBXNativeTarget section */
		643D7726264CDF7F00044E02 /* TeckMon */ = {
			isa = PBXNativeTarget;
			buildConfigurationList = 643D7751264CDF8600044E02 /* Build configuration list for PBXNativeTarget "TeckMon" */;
			buildPhases = (
				643D7723264CDF7F00044E02 /* Sources */,
				643D7724264CDF7F00044E02 /* Frameworks */,
				643D7725264CDF7F00044E02 /* Resources */,
			);
			buildRules = (
			);
			dependencies = (
			);
			name = TeckMon;
			productName = TeckMon;
			productReference = 643D7727264CDF7F00044E02 /* TeckMon.app */;
			productType = "com.apple.product-type.application";
		};
		643D773C264CDF8500044E02 /* TeckMonTests */ = {
			isa = PBXNativeTarget;
			buildConfigurationList = 643D7754264CDF8600044E02 /* Build configuration list for PBXNativeTarget "TeckMonTests" */;
			buildPhases = (
				643D7739264CDF8500044E02 /* Sources */,
				643D773A264CDF8500044E02 /* Frameworks */,
				643D773B264CDF8500044E02 /* Resources */,
			);
			buildRules = (
			);
			dependencies = (
				643D773F264CDF8500044E02 /* PBXTargetDependency */,
			);
			name = TeckMonTests;
			productName = TeckMonTests;
			productReference = 643D773D264CDF8500044E02 /* TeckMonTests.xctest */;
			productType = "com.apple.product-type.bundle.unit-test";
		};
		643D7747264CDF8600044E02 /* TeckMonUITests */ = {
			isa = PBXNativeTarget;
			buildConfigurationList = 643D7757264CDF8600044E02 /* Build configuration list for PBXNativeTarget "TeckMonUITests" */;
			buildPhases = (
				643D7744264CDF8600044E02 /* Sources */,
				643D7745264CDF8600044E02 /* Frameworks */,
				643D7746264CDF8600044E02 /* Resources */,
			);
			buildRules = (
			);
			dependencies = (
				643D774A264CDF8600044E02 /* PBXTargetDependency */,
			);
			name = TeckMonUITests;
			productName = TeckMonUITests;
			productReference = 643D7748264CDF8600044E02 /* TeckMonUITests.xctest */;
			productType = "com.apple.product-type.bundle.ui-testing";
		};
/* End PBXNativeTarget section */

/* Begin PBXProject section */
		643D771F264CDF7F00044E02 /* Project object */ = {
			isa = PBXProject;
			attributes = {
				LastSwiftUpdateCheck = 1250;
				LastUpgradeCheck = 1250;
				TargetAttributes = {
					643D7726264CDF7F00044E02 = {
						CreatedOnToolsVersion = 12.5;
					};
					643D773C264CDF8500044E02 = {
						CreatedOnToolsVersion = 12.5;
						TestTargetID = 643D7726264CDF7F00044E02;
					};
					643D7747264CDF8600044E02 = {
						CreatedOnToolsVersion = 12.5;
						TestTargetID = 643D7726264CDF7F00044E02;
					};
				};
			};
			buildConfigurationList = 643D7722264CDF7F00044E02 /* Build configuration list for PBXProject "TeckMon" */;
			compatibilityVersion = "Xcode 9.3";
			developmentRegion = en;
			hasScannedForEncodings = 0;
			knownRegions = (
				en,
				Base,
			);
			mainGroup = 643D771E264CDF7F00044E02;
			productRefGroup = 643D7728264CDF7F00044E02 /* Products */;
			projectDirPath = "";
			projectRoot = "";
			targets = (
				643D7726264CDF7F00044E02 /* TeckMon */,
				643D773C264CDF8500044E02 /* TeckMonTests */,
				643D7747264CDF8600044E02 /* TeckMonUITests */,
			);
		};
/* End PBXProject section */

/* Begin PBXResourcesBuildPhase section */
		643D7725264CDF7F00044E02 /* Resources */ = {
			isa = PBXResourcesBuildPhase;
			buildActionMask = 2147483647;
			files = (
				643D7737264CDF8500044E02 /* LaunchScreen.storyboard in Resources */,
				643D7734264CDF8500044E02 /* Assets.xcassets in Resources */,
				643D7732264CDF7F00044E02 /* Main.storyboard in Resources */,
			);
			runOnlyForDeploymentPostprocessing = 0;
		};
		643D773B264CDF8500044E02 /* Resources */ = {
			isa = PBXResourcesBuildPhase;
			buildActionMask = 2147483647;
			files = (
			);
			runOnlyForDeploymentPostprocessing = 0;
		};
		643D7746264CDF8600044E02 /* Resources */ = {
			isa = PBXResourcesBuildPhase;
			buildActionMask = 2147483647;
			files = (
			);
			runOnlyForDeploymentPostprocessing = 0;
		};
/* End PBXResourcesBuildPhase section */

/* Begin PBXSourcesBuildPhase section */
		643D7723264CDF7F00044E02 /* Sources */ = {
			isa = PBXSourcesBuildPhase;
			buildActionMask = 2147483647;
			files = (
				643D772F264CDF7F00044E02 /* ViewController.swift in Sources */,
				643D772B264CDF7F00044E02 /* AppDelegate.swift in Sources */,
				643D772D264CDF7F00044E02 /* SceneDelegate.swift in Sources */,
			);
			runOnlyForDeploymentPostprocessing = 0;
		};
		643D7739264CDF8500044E02 /* Sources */ = {
			isa = PBXSourcesBuildPhase;
			buildActionMask = 2147483647;
			files = (
				643D7742264CDF8500044E02 /* TeckMonTests.swift in Sources */,
			);
			runOnlyForDeploymentPostprocessing = 0;
		};
		643D7744264CDF8600044E02 /* Sources */ = {
			isa = PBXSourcesBuildPhase;
			buildActionMask = 2147483647;
			files = (
				643D774D264CDF8600044E02 /* TeckMonUITests.swift in Sources */,
			);
			runOnlyForDeploymentPostprocessing = 0;
		};
/* End PBXSourcesBuildPhase section */

/* Begin PBXTargetDependency section */
		643D773F264CDF8500044E02 /* PBXTargetDependency */ = {
			isa = PBXTargetDependency;
			target = 643D7726264CDF7F00044E02 /* TeckMon */;
			targetProxy = 643D773E264CDF8500044E02 /* PBXContainerItemProxy */;
		};
		643D774A264CDF8600044E02 /* PBXTargetDependency */ = {
			isa = PBXTargetDependency;
			target = 643D7726264CDF7F00044E02 /* TeckMon */;
			targetProxy = 643D7749264CDF8600044E02 /* PBXContainerItemProxy */;
		};
/* End PBXTargetDependency section */

/* Begin PBXVariantGroup section */
		643D7730264CDF7F00044E02 /* Main.storyboard */ = {
			isa = PBXVariantGroup;
			children = (
				643D7731264CDF7F00044E02 /* Base */,
			);
			name = Main.storyboard;
			sourceTree = "<group>";
		};
		643D7735264CDF8500044E02 /* LaunchScreen.storyboard */ = {
			isa = PBXVariantGroup;
			children = (
				643D7736264CDF8500044E02 /* Base */,
			);
			name = LaunchScreen.storyboard;
			sourceTree = "<group>";
		};
/* End PBXVariantGroup section */

/* Begin XCBuildConfiguration section */
		643D774F264CDF8600044E02 /* Debug */ = {
			isa = XCBuildConfiguration;
			buildSettings = {
				ALWAYS_SEARCH_USER_PATHS = NO;
				CLANG_ANALYZER_NONNULL = YES;
				CLANG_ANALYZER_NUMBER_OBJECT_CONVERSION = YES_AGGRESSIVE;
				CLANG_CXX_LANGUAGE_STANDARD = "gnu++14";
				CLANG_CXX_LIBRARY = "libc++";
				CLANG_ENABLE_MODULES = YES;
				CLANG_ENABLE_OBJC_ARC = YES;
				CLANG_ENABLE_OBJC_WEAK = YES;
				CLANG_WARN_BLOCK_CAPTURE_AUTORELEASING = YES;
				CLANG_WARN_BOOL_CONVERSION = YES;
				CLANG_WARN_COMMA = YES;
				CLANG_WARN_CONSTANT_CONVERSION = YES;
				CLANG_WARN_DEPRECATED_OBJC_IMPLEMENTATIONS = YES;
				CLANG_WARN_DIRECT_OBJC_ISA_USAGE = YES_ERROR;
				CLANG_WARN_DOCUMENTATION_COMMENTS = YES;
				CLANG_WARN_EMPTY_BODY = YES;
				CLANG_WARN_ENUM_CONVERSION = YES;
				CLANG_WARN_INFINITE_RECURSION = YES;
				CLANG_WARN_INT_CONVERSION = YES;
				CLANG_WARN_NON_LITERAL_NULL_CONVERSION = YES;
				CLANG_WARN_OBJC_IMPLICIT_RETAIN_SELF = YES;
				CLANG_WARN_OBJC_LITERAL_CONVERSION = YES;
				CLANG_WARN_OBJC_ROOT_CLASS = YES_ERROR;
				CLANG_WARN_QUOTED_INCLUDE_IN_FRAMEWORK_HEADER = YES;
				CLANG_WARN_RANGE_LOOP_ANALYSIS = YES;
				CLANG_WARN_STRICT_PROTOTYPES = YES;
				CLANG_WARN_SUSPICIOUS_MOVE = YES;
				CLANG_WARN_UNGUARDED_AVAILABILITY = YES_AGGRESSIVE;
				CLANG_WARN_UNREACHABLE_CODE = YES;
				CLANG_WARN__DUPLICATE_METHOD_MATCH = YES;
				COPY_PHASE_STRIP = NO;
				DEBUG_INFORMATION_FORMAT = dwarf;
				ENABLE_STRICT_OBJC_MSGSEND = YES;
				ENABLE_TESTABILITY = YES;
				GCC_C_LANGUAGE_STANDARD = gnu11;
				GCC_DYNAMIC_NO_PIC = NO;
				GCC_NO_COMMON_BLOCKS = YES;
				GCC_OPTIMIZATION_LEVEL = 0;
				GCC_PREPROCESSOR_DEFINITIONS = (
					"DEBUG=1",
					"$(inherited)",
				);
				GCC_WARN_64_TO_32_BIT_CONVERSION = YES;
				GCC_WARN_ABOUT_RETURN_TYPE = YES_ERROR;
				GCC_WARN_UNDECLARED_SELECTOR = YES;
				GCC_WARN_UNINITIALIZED_AUTOS = YES_AGGRESSIVE;
				GCC_WARN_UNUSED_FUNCTION = YES;
				GCC_WARN_UNUSED_VARIABLE = YES;
				IPHONEOS_DEPLOYMENT_TARGET = 14.5;
				MTL_ENABLE_DEBUG_INFO = INCLUDE_SOURCE;
				MTL_FAST_MATH = YES;
				ONLY_ACTIVE_ARCH = YES;
				SDKROOT = iphoneos;
				SWIFT_ACTIVE_COMPILATION_CONDITIONS = DEBUG;
				SWIFT_OPTIMIZATION_LEVEL = "-Onone";
			};
			name = Debug;
		};
		643D7750264CDF8600044E02 /* Release */ = {
			isa = XCBuildConfiguration;
			buildSettings = {
				ALWAYS_SEARCH_USER_PATHS = NO;
				CLANG_ANALYZER_NONNULL = YES;
				CLANG_ANALYZER_NUMBER_OBJECT_CONVERSION = YES_AGGRESSIVE;
				CLANG_CXX_LANGUAGE_STANDARD = "gnu++14";
				CLANG_CXX_LIBRARY = "libc++";
				CLANG_ENABLE_MODULES = YES;
				CLANG_ENABLE_OBJC_ARC = YES;
				CLANG_ENABLE_OBJC_WEAK = YES;
				CLANG_WARN_BLOCK_CAPTURE_AUTORELEASING = YES;
				CLANG_WARN_BOOL_CONVERSION = YES;
				CLANG_WARN_COMMA = YES;
				CLANG_WARN_CONSTANT_CONVERSION = YES;
				CLANG_WARN_DEPRECATED_OBJC_IMPLEMENTATIONS = YES;
				CLANG_WARN_DIRECT_OBJC_ISA_USAGE = YES_ERROR;
				CLANG_WARN_DOCUMENTATION_COMMENTS = YES;
				CLANG_WARN_EMPTY_BODY = YES;
				CLANG_WARN_ENUM_CONVERSION = YES;
				CLANG_WARN_INFINITE_RECURSION = YES;
				CLANG_WARN_INT_CONVERSION = YES;
				CLANG_WARN_NON_LITERAL_NULL_CONVERSION = YES;
				CLANG_WARN_OBJC_IMPLICIT_RETAIN_SELF = YES;
				CLANG_WARN_OBJC_LITERAL_CONVERSION = YES;
				CLANG_WARN_OBJC_ROOT_CLASS = YES_ERROR;
				CLANG_WARN_QUOTED_INCLUDE_IN_FRAMEWORK_HEADER = YES;
				CLANG_WARN_RANGE_LOOP_ANALYSIS = YES;
				CLANG_WARN_STRICT_PROTOTYPES = YES;
				CLANG_WARN_SUSPICIOUS_MOVE = YES;
				CLANG_WARN_UNGUARDED_AVAILABILITY = YES_AGGRESSIVE;
				CLANG_WARN_UNREACHABLE_CODE = YES;
				CLANG_WARN__DUPLICATE_METHOD_MATCH = YES;
				COPY_PHASE_STRIP = NO;
				DEBUG_INFORMATION_FORMAT = "dwarf-with-dsym";
				ENABLE_NS_ASSERTIONS = NO;
				ENABLE_STRICT_OBJC_MSGSEND = YES;
				GCC_C_LANGUAGE_STANDARD = gnu11;
				GCC_NO_COMMON_BLOCKS = YES;
				GCC_WARN_64_TO_32_BIT_CONVERSION = YES;
				GCC_WARN_ABOUT_RETURN_TYPE = YES_ERROR;
				GCC_WARN_UNDECLARED_SELECTOR = YES;
				GCC_WARN_UNINITIALIZED_AUTOS = YES_AGGRESSIVE;
				GCC_WARN_UNUSED_FUNCTION = YES;
				GCC_WARN_UNUSED_VARIABLE = YES;
				IPHONEOS_DEPLOYMENT_TARGET = 14.5;
				MTL_ENABLE_DEBUG_INFO = NO;
				MTL_FAST_MATH = YES;
				SDKROOT = iphoneos;
				SWIFT_COMPILATION_MODE = wholemodule;
				SWIFT_OPTIMIZATION_LEVEL = "-O";
				VALIDATE_PRODUCT = YES;
			};
			name = Release;
		};
		643D7752264CDF8600044E02 /* Debug */ = {
			isa = XCBuildConfiguration;
			buildSettings = {
				ASSETCATALOG_COMPILER_APPICON_NAME = AppIcon;
				ASSETCATALOG_COMPILER_GLOBAL_ACCENT_COLOR_NAME = AccentColor;
				CODE_SIGN_STYLE = Automatic;
				DEVELOPMENT_TEAM = 48F293G8D4;
				INFOPLIST_FILE = TeckMon/Info.plist;
				LD_RUNPATH_SEARCH_PATHS = (
					"$(inherited)",
					"@executable_path/Frameworks",
				);
				PRODUCT_BUNDLE_IDENTIFIER = app.marui.khaki.TeckMon;
				PRODUCT_NAME = "$(TARGET_NAME)";
				SWIFT_VERSION = 5.0;
				TARGETED_DEVICE_FAMILY = "1,2";
			};
			name = Debug;
		};
		643D7753264CDF8600044E02 /* Release */ = {
			isa = XCBuildConfiguration;
			buildSettings = {
				ASSETCATALOG_COMPILER_APPICON_NAME = AppIcon;
				ASSETCATALOG_COMPILER_GLOBAL_ACCENT_COLOR_NAME = AccentColor;
				CODE_SIGN_STYLE = Automatic;
				DEVELOPMENT_TEAM = 48F293G8D4;
				INFOPLIST_FILE = TeckMon/Info.plist;
				LD_RUNPATH_SEARCH_PATHS = (
					"$(inherited)",
					"@executable_path/Frameworks",
				);
				PRODUCT_BUNDLE_IDENTIFIER = app.marui.khaki.TeckMon;
				PRODUCT_NAME = "$(TARGET_NAME)";
				SWIFT_VERSION = 5.0;
				TARGETED_DEVICE_FAMILY = "1,2";
			};
			name = Release;
		};
		643D7755264CDF8600044E02 /* Debug */ = {
			isa = XCBuildConfiguration;
			buildSettings = {
				ALWAYS_EMBED_SWIFT_STANDARD_LIBRARIES = YES;
				BUNDLE_LOADER = "$(TEST_HOST)";
				CODE_SIGN_STYLE = Automatic;
				DEVELOPMENT_TEAM = 48F293G8D4;
				INFOPLIST_FILE = TeckMonTests/Info.plist;
				IPHONEOS_DEPLOYMENT_TARGET = 14.5;
				LD_RUNPATH_SEARCH_PATHS = (
					"$(inherited)",
					"@executable_path/Frameworks",
					"@loader_path/Frameworks",
				);
				PRODUCT_BUNDLE_IDENTIFIER = app.marui.khaki.TeckMonTests;
				PRODUCT_NAME = "$(TARGET_NAME)";
				SWIFT_VERSION = 5.0;
				TARGETED_DEVICE_FAMILY = "1,2";
				TEST_HOST = "$(BUILT_PRODUCTS_DIR)/TeckMon.app/TeckMon";
			};
			name = Debug;
		};
		643D7756264CDF8600044E02 /* Release */ = {
			isa = XCBuildConfiguration;
			buildSettings = {
				ALWAYS_EMBED_SWIFT_STANDARD_LIBRARIES = YES;
				BUNDLE_LOADER = "$(TEST_HOST)";
				CODE_SIGN_STYLE = Automatic;
				DEVELOPMENT_TEAM = 48F293G8D4;
				INFOPLIST_FILE = TeckMonTests/Info.plist;
				IPHONEOS_DEPLOYMENT_TARGET = 14.5;
				LD_RUNPATH_SEARCH_PATHS = (
					"$(inherited)",
					"@executable_path/Frameworks",
					"@loader_path/Frameworks",
				);
				PRODUCT_BUNDLE_IDENTIFIER = app.marui.khaki.TeckMonTests;
				PRODUCT_NAME = "$(TARGET_NAME)";
				SWIFT_VERSION = 5.0;
				TARGETED_DEVICE_FAMILY = "1,2";
				TEST_HOST = "$(BUILT_PRODUCTS_DIR)/TeckMon.app/TeckMon";
			};
			name = Release;
		};
		643D7758264CDF8600044E02 /* Debug */ = {
			isa = XCBuildConfiguration;
			buildSettings = {
				ALWAYS_EMBED_SWIFT_STANDARD_LIBRARIES = YES;
				CODE_SIGN_STYLE = Automatic;
				DEVELOPMENT_TEAM = 48F293G8D4;
				INFOPLIST_FILE = TeckMonUITests/Info.plist;
				LD_RUNPATH_SEARCH_PATHS = (
					"$(inherited)",
					"@executable_path/Frameworks",
					"@loader_path/Frameworks",
				);
				PRODUCT_BUNDLE_IDENTIFIER = app.marui.khaki.TeckMonUITests;
				PRODUCT_NAME = "$(TARGET_NAME)";
				SWIFT_VERSION = 5.0;
				TARGETED_DEVICE_FAMILY = "1,2";
				TEST_TARGET_NAME = TeckMon;
			};
			name = Debug;
		};
		643D7759264CDF8600044E02 /* Release */ = {
			isa = XCBuildConfiguration;
			buildSettings = {
				ALWAYS_EMBED_SWIFT_STANDARD_LIBRARIES = YES;
				CODE_SIGN_STYLE = Automatic;
				DEVELOPMENT_TEAM = 48F293G8D4;
				INFOPLIST_FILE = TeckMonUITests/Info.plist;
				LD_RUNPATH_SEARCH_PATHS = (
					"$(inherited)",
					"@executable_path/Frameworks",
					"@loader_path/Frameworks",
				);
				PRODUCT_BUNDLE_IDENTIFIER = app.marui.khaki.TeckMonUITests;
				PRODUCT_NAME = "$(TARGET_NAME)";
				SWIFT_VERSION = 5.0;
				TARGETED_DEVICE_FAMILY = "1,2";
				TEST_TARGET_NAME = TeckMon;
			};
			name = Release;
		};
/* End XCBuildConfiguration section */

/* Begin XCConfigurationList section */
		643D7722264CDF7F00044E02 /* Build configuration list for PBXProject "TeckMon" */ = {
			isa = XCConfigurationList;
			buildConfigurations = (
				643D774F264CDF8600044E02 /* Debug */,
				643D7750264CDF8600044E02 /* Release */,
			);
			defaultConfigurationIsVisible = 0;
			defaultConfigurationName = Release;
		};
		643D7751264CDF8600044E02 /* Build configuration list for PBXNativeTarget "TeckMon" */ = {
			isa = XCConfigurationList;
			buildConfigurations = (
				643D7752264CDF8600044E02 /* Debug */,
				643D7753264CDF8600044E02 /* Release */,
			);
			defaultConfigurationIsVisible = 0;
			defaultConfigurationName = Release;
		};
		643D7754264CDF8600044E02 /* Build configuration list for PBXNativeTarget "TeckMonTests" */ = {
			isa = XCConfigurationList;
			buildConfigurations = (
				643D7755264CDF8600044E02 /* Debug */,
				643D7756264CDF8600044E02 /* Release */,
			);
			defaultConfigurationIsVisible = 0;
			defaultConfigurationName = Release;
		};
		643D7757264CDF8600044E02 /* Build configuration list for PBXNativeTarget "TeckMonUITests" */ = {
			isa = XCConfigurationList;
			buildConfigurations = (
				643D7758264CDF8600044E02 /* Debug */,
				643D7759264CDF8600044E02 /* Release */,
			);
			defaultConfigurationIsVisible = 0;
			defaultConfigurationName = Release;
		};
/* End XCConfigurationList section */
	};
	rootObject = 643D771F264CDF7F00044E02 /* Project object */;
}
